
Microsoft Visual Studio Solution File, Format Version 12.00
# Visual Studio Version 17
VisualStudioVersion = 17.8.34408.163
MinimumVisualStudioVersion = 10.0.40219.1
Project("{FAE04EC0-301F-11D3-BF4B-00C04F79EFBC}") = "Q16B", "Q16B\Q16B.csproj", "{E1EFBCB1-3014-406A-A375-CF5CF3690D23}"
EndProject
Global
	GlobalSection(SolutionConfigurationPlatforms) = preSolution
		Debug|Any CPU = Debug|Any CPU
		Release|Any CPU = Release|Any CPU
	EndGlobalSection
	GlobalSection(ProjectConfigurationPlatforms) = postSolution
		{E1EFBCB1-3014-406A-A375-CF5CF3690D23}.Debug|Any CPU.ActiveCfg = Debug|Any CPU
		{E1EFBCB1-3014-406A-A375-CF5CF3690D23}.Debug|Any CPU.Build.0 = Debug|Any CPU
		{E1EFBCB1-3014-406A-A375-CF5CF3690D23}.Release|Any CPU.ActiveCfg = Release|Any CPU
		{E1EFBCB1-3014-406A-A375-CF5CF3690D23}.Release|Any CPU.Build.0 = Release|Any CPU
	EndGlobalSection
	GlobalSection(SolutionProperties) = preSolution
		HideSolutionNode = FALSE
	EndGlobalSection
	GlobalSection(ExtensibilityGlobals) = postSolution
		SolutionGuid = {5704846E-3FE7-4874-867C-C9E187CEE112}
	EndGlobalSection
EndGlobal
